
Microsoft Visual Studio Solution File, Format Version 12.00
# Visual Studio Version 16
VisualStudioVersion = 16.0.31410.357
MinimumVisualStudioVersion = 10.0.40219.1
Project("{FAE04EC0-301F-11D3-BF4B-00C04F79EFBC}") = "SocialNetwork", "SocialNetwork\SocialNetwork.csproj", "{E73CAAC2-1C8D-473D-84F7-0B1E81390C65}"
EndProject
Global
	GlobalSection(SolutionConfigurationPlatforms) = preSolution
		Debug|Any CPU = Debug|Any CPU
		Release|Any CPU = Release|Any CPU
	EndGlobalSection
	GlobalSection(ProjectConfigurationPlatforms) = postSolution
		{E73CAAC2-1C8D-473D-84F7-0B1E81390C65}.Debug|Any CPU.ActiveCfg = Debug|Any CPU
		{E73CAAC2-1C8D-473D-84F7-0B1E81390C65}.Debug|Any CPU.Build.0 = Debug|Any CPU
		{E73CAAC2-1C8D-473D-84F7-0B1E81390C65}.Release|Any CPU.ActiveCfg = Release|Any CPU
		{E73CAAC2-1C8D-473D-84F7-0B1E81390C65}.Release|Any CPU.Build.0 = Release|Any CPU
	EndGlobalSection
	GlobalSection(SolutionProperties) = preSolution
		HideSolutionNode = FALSE
	EndGlobalSection
	GlobalSection(ExtensibilityGlobals) = postSolution
		SolutionGuid = {82401097-2BBE-4EC4-A439-D0E9E7E8C405}
	EndGlobalSection
EndGlobal
